
Microsoft Visual Studio Solution File, Format Version 12.00
# Visual Studio Version 16
VisualStudioVersion = 16.0.31613.86
MinimumVisualStudioVersion = 10.0.40219.1
Project("{9A19103F-16F7-4668-BE54-9A1E7A4F7556}") = "centralProcessing", "CentralProcessing\centralProcessing.csproj", "{FBE4D3E1-B663-4D6A-96E4-53AE9AD7C663}"
EndProject
Global
	GlobalSection(SolutionConfigurationPlatforms) = preSolution
		Debug|Any CPU = Debug|Any CPU
		Release|Any CPU = Release|Any CPU
	EndGlobalSection
	GlobalSection(ProjectConfigurationPlatforms) = postSolution
		{FBE4D3E1-B663-4D6A-96E4-53AE9AD7C663}.Debug|Any CPU.ActiveCfg = Debug|Any CPU
		{FBE4D3E1-B663-4D6A-96E4-53AE9AD7C663}.Debug|Any CPU.Build.0 = Debug|Any CPU
		{FBE4D3E1-B663-4D6A-96E4-53AE9AD7C663}.Release|Any CPU.ActiveCfg = Release|Any CPU
		{FBE4D3E1-B663-4D6A-96E4-53AE9AD7C663}.Release|Any CPU.Build.0 = Release|Any CPU
	EndGlobalSection
	GlobalSection(SolutionProperties) = preSolution
		HideSolutionNode = FALSE
	EndGlobalSection
	GlobalSection(ExtensibilityGlobals) = postSolution
		SolutionGuid = {3E954265-A70C-446E-B147-3FC7ECE7BD4C}
	EndGlobalSection
EndGlobal
